
Microsoft Visual Studio Solution File, Format Version 12.00
# Visual Studio Version 17
VisualStudioVersion = 17.14.36401.2 d17.14
MinimumVisualStudioVersion = 10.0.40219.1
Project("{FAE04EC0-301F-11D3-BF4B-00C04F79EFBC}") = "Interactive cell generator", "Interactive cell generator\Interactive cell generator.csproj", "{87777706-E752-4DAC-8B64-090A0FE89BD6}"
EndProject
Global
	GlobalSection(SolutionConfigurationPlatforms) = preSolution
		Debug|Any CPU = Debug|Any CPU
		Release|Any CPU = Release|Any CPU
	EndGlobalSection
	GlobalSection(ProjectConfigurationPlatforms) = postSolution
		{87777706-E752-4DAC-8B64-090A0FE89BD6}.Debug|Any CPU.ActiveCfg = Debug|Any CPU
		{87777706-E752-4DAC-8B64-090A0FE89BD6}.Debug|Any CPU.Build.0 = Debug|Any CPU
		{87777706-E752-4DAC-8B64-090A0FE89BD6}.Release|Any CPU.ActiveCfg = Release|Any CPU
		{87777706-E752-4DAC-8B64-090A0FE89BD6}.Release|Any CPU.Build.0 = Release|Any CPU
	EndGlobalSection
	GlobalSection(SolutionProperties) = preSolution
		HideSolutionNode = FALSE
	EndGlobalSection
	GlobalSection(ExtensibilityGlobals) = postSolution
		SolutionGuid = {327DD483-DB02-4CB5-BF55-95F514A7583E}
	EndGlobalSection
EndGlobal
